<?xml version="1.0" encoding="utf-8"?>
<Project ToolsVersion="4.0" xmlns="http://schemas.microsoft.com/developer/msbuild/2003">
  <ItemGroup>
    <ClInclude Include="imgui\stb_truetype.h">
      <Filter>imgui</Filter>
    </ClInclude>
    <ClInclude Include="imgui\imconfig.h">
      <Filter>imgui</Filter>
    </ClInclude>
    <ClInclude Include="imgui\imgui.h">
      <Filter>imgui</Filter>
    </ClInclude>
    <ClInclude Include="imgui\imgui_internal.h">
      <Filter>imgui</Filter>
    </ClInclude>
    <ClInclude Include="imgui\stb_rect_pack.h">
      <Filter>imgui</Filter>
    </ClInclude>
    <ClInclude Include="imgui\stb_textedit.h">
      <Filter>imgui</Filter>
    </ClInclude>
    <ClInclude Include="imgui_impl_dx9.h">
      <Filter>win32</Filter>
    </ClInclude>
    <ClInclude Include="BoardView.h" />
    <ClInclude Include="BRDFile.h" />
    <ClInclude Include="platform.h" />
    <ClInclude Include="resource.h" />
  </ItemGroup>
  <ItemGroup>
    <ClCompile Include="imgui\imgui.cpp">
      <Filter>imgui</Filter>
    </ClCompile>
    <ClCompile Include="imgui\imgui_demo.cpp">
      <Filter>imgui</Filter>
    </ClCompile>
    <ClCompile Include="imgui\imgui_draw.cpp">
      <Filter>imgui</Filter>
    </ClCompile>
    <ClCompile Include="imgui_impl_dx9.cpp">
      <Filter>win32</Filter>
    </ClCompile>
    <ClCompile Include="main.cpp">
      <Filter>win32</Filter>
    </ClCompile>
    <ClCompile Include="platform.cpp">
      <Filter>win32</Filter>
    </ClCompile>
    <ClCompile Include="BRDFile.cpp" />
    <ClCompile Include="BoardView.cpp" />
  </ItemGroup>
  <ItemGroup>
    <Filter Include="imgui">
      <UniqueIdentifier>{bf545fb3-f431-4387-a442-2e3643fd8bc8}</UniqueIdentifier>
    </Filter>
    <Filter Include="win32">
      <UniqueIdentifier>{57d81795-9e33-421a-8aa6-ec313630242c}</UniqueIdentifier>
    </Filter>
    <Filter Include="assets">
      <UniqueIdentifier>{b4435e3d-2332-4ff1-bb62-fbbe51cbc394}</UniqueIdentifier>
    </Filter>
  </ItemGroup>
  <ItemGroup>
    <Image Include="asset\empty_circle.dds">
      <Filter>assets</Filter>
    </Image>
    <Image Include="asset\brd.ico" />
  </ItemGroup>
  <ItemGroup>
    <ResourceCompile Include="OpenBoardView.rc">
      <Filter>assets</Filter>
    </ResourceCompile>
  </ItemGroup>
  <ItemGroup>
    <Font Include="asset\FiraSans-Medium.ttf">
      <Filter>assets</Filter>
    </Font>
  </ItemGroup>
</Project>