<?xml version="1.0" encoding="utf-8"?>
<Project ToolsVersion="4.0" xmlns="http://schemas.microsoft.com/developer/msbuild/2003">
  <ItemGroup>
    <ClInclude Include="..\openboardview\Board.h" />
    <ClInclude Include="..\openboardview\BoardView.h" />
    <ClInclude Include="..\openboardview\BRDBoard.h" />
    <ClInclude Include="..\openboardview\BRDFile.h" />
    <ClInclude Include="..\openboardview\NetList.h" />
    <ClInclude Include="..\openboardview\PartList.h" />
    <ClInclude Include="..\openboardview\platform.h" />
    <ClInclude Include="..\openboardview\resource.h" />
    <ClInclude Include="..\imgui\imconfig.h">
      <Filter>imgui</Filter>
    </ClInclude>
    <ClInclude Include="..\imgui\imgui.h">
      <Filter>imgui</Filter>
    </ClInclude>
    <ClInclude Include="..\imgui\imgui_internal.h">
      <Filter>imgui</Filter>
    </ClInclude>
    <ClInclude Include="..\imgui\stb_rect_pack.h">
      <Filter>imgui</Filter>
    </ClInclude>
    <ClInclude Include="..\imgui\stb_textedit.h">
      <Filter>imgui</Filter>
    </ClInclude>
    <ClInclude Include="..\imgui\stb_truetype.h">
      <Filter>imgui</Filter>
    </ClInclude>
    <ClInclude Include="..\openboardview\BDVFile.h" />
    <ClInclude Include="..\openboardview\FZFile.h" />
    <ClInclude Include="..\openboardview\vectorhulls.h" />
    <ClInclude Include="..\openboardview\history.h" />
    <ClInclude Include="..\openboardview\annotations.h" />
    <ClInclude Include="..\openboardview\confparse.h" />
    <ClInclude Include="..\openboardview\BVRFile.h" />
    <ClInclude Include="..\openboardview\BRD2File.h" />
    <ClInclude Include="..\sqlite3\sqlite3.h" />
    <ClInclude Include="..\openboardview\Renderers\imgui_impl_dx9.h">
      <Filter>win32</Filter>
    </ClInclude>
    <ClInclude Include="..\openboardview\utils.h" />
  </ItemGroup>
  <ItemGroup>
    <ClCompile Include="..\openboardview\win32.cpp">
      <Filter>win32</Filter>
    </ClCompile>
    <ClCompile Include="..\openboardview\BoardView.cpp" />
    <ClCompile Include="..\openboardview\BRDBoard.cpp" />
    <ClCompile Include="..\openboardview\BRDFile.cpp" />
    <ClCompile Include="..\openboardview\NetList.cpp" />
    <ClCompile Include="..\openboardview\PartList.cpp" />
    <ClCompile Include="..\imgui\imgui.cpp">
      <Filter>imgui</Filter>
    </ClCompile>
    <ClCompile Include="..\imgui\imgui_draw.cpp">
      <Filter>imgui</Filter>
    </ClCompile>
    <ClCompile Include="..\openboardview\BDVFile.cpp" />
    <ClCompile Include="..\openboardview\FZFile.cpp" />
    <ClCompile Include="..\openboardview\vectorhulls.cpp" />
    <ClCompile Include="..\openboardview\history.cpp" />
    <ClCompile Include="..\openboardview\main_dx9.cpp" />
    <ClCompile Include="..\openboardview\confparse.cpp" />
    <ClCompile Include="..\openboardview\BVRFile.cpp" />
    <ClCompile Include="..\openboardview\BRD2File.cpp" />
    <ClCompile Include="..\openboardview\annotations.cpp" />
    <ClCompile Include="..\sqlite3\sqlite3.c" />
    <ClCompile Include="..\openboardview\Renderers\imgui_impl_dx9.cpp">
      <Filter>win32</Filter>
    </ClCompile>
    <ClCompile Include="..\openboardview\utils.cpp" />
  </ItemGroup>
  <ItemGroup>
    <Filter Include="imgui">
      <UniqueIdentifier>{bf545fb3-f431-4387-a442-2e3643fd8bc8}</UniqueIdentifier>
    </Filter>
    <Filter Include="win32">
      <UniqueIdentifier>{57d81795-9e33-421a-8aa6-ec313630242c}</UniqueIdentifier>
    </Filter>
    <Filter Include="assets">
      <UniqueIdentifier>{b4435e3d-2332-4ff1-bb62-fbbe51cbc394}</UniqueIdentifier>
    </Filter>
    <Filter Include="zlib">
      <UniqueIdentifier>{f118c824-66f3-47df-9172-189a4b988b08}</UniqueIdentifier>
    </Filter>
    <Filter Include="zlib">
      <UniqueIdentifier>{f118c824-66f3-47df-9172-189a4b988b08}</UniqueIdentifier>
    </Filter>
  </ItemGroup>
  <ItemGroup>
    <Image Include="..\..\asset\brd.ico">
      <Filter>assets</Filter>
    </Image>
  </ItemGroup>
  <ItemGroup>
    <ResourceCompile Include="..\..\asset\OpenBoardView.rc">
      <Filter>assets</Filter>
    </ResourceCompile>
  </ItemGroup>
</Project>
